// !$*UTF8*$!
{
	archiveVersion = 1;
	classes = {
	};
	objectVersion = 52;
	objects = {

/* Begin PBXBuildFile section */
		8B34FDEF24083B710070C5BF /* AppDelegate.swift in Sources */ = {isa = PBXBuildFile; fileRef = 8B34FDEE24083B710070C5BF /* AppDelegate.swift */; };
		8B34FDF124083B710070C5BF /* SceneDelegate.swift in Sources */ = {isa = PBXBuildFile; fileRef = 8B34FDF024083B710070C5BF /* SceneDelegate.swift */; };
		8B34FDF324083B710070C5BF /* ContentView.swift in Sources */ = {isa = PBXBuildFile; fileRef = 8B34FDF224083B710070C5BF /* ContentView.swift */; };
		8B34FDF524083B720070C5BF /* Assets.xcassets in Resources */ = {isa = PBXBuildFile; fileRef = 8B34FDF424083B720070C5BF /* Assets.xcassets */; };
		8B34FDF824083B720070C5BF /* Preview Assets.xcassets in Resources */ = {isa = PBXBuildFile; fileRef = 8B34FDF724083B720070C5BF /* Preview Assets.xcassets */; };
		8B34FDFB24083B720070C5BF /* LaunchScreen.storyboard in Resources */ = {isa = PBXBuildFile; fileRef = 8B34FDF924083B720070C5BF /* LaunchScreen.storyboard */; };
		8B34FE0B240843C20070C5BF /* SparkleDriver.swift in Sources */ = {isa = PBXBuildFile; fileRef = 8B34FE0A240843C20070C5BF /* SparkleDriver.swift */; };
		8B34FE0E240843EA0070C5BF /* CatalystSparkleDriver.swift in Sources */ = {isa = PBXBuildFile; fileRef = 8B34FE0D240843EA0070C5BF /* CatalystSparkleDriver.swift */; };
		8B34FE0F2408464E0070C5BF /* SparkleBridge.bundle in Resources */ = {isa = PBXBuildFile; fileRef = 8B5E7E8323F6BB3500087E15 /* SparkleBridge.bundle */; platformFilter = maccatalyst; };
		8B3F0ABE240971F800E0F779 /* SUAdHocCodeSigning.m in Sources */ = {isa = PBXBuildFile; fileRef = 8B3F0ABC240971F800E0F779 /* SUAdHocCodeSigning.m */; };
		8B600FA624091C060037ADA0 /* SUTestWebServer.m in Sources */ = {isa = PBXBuildFile; fileRef = 8B34FE2A24084E170070C5BF /* SUTestWebServer.m */; };
		8B600FA724091C060037ADA0 /* TestServer.m in Sources */ = {isa = PBXBuildFile; fileRef = 8B34FE2524084BB50070C5BF /* TestServer.m */; };
		8B600FAA24091C060037ADA0 /* Sparkle.framework in Frameworks */ = {isa = PBXBuildFile; fileRef = 8BBFAA942403F8E80091157A /* Sparkle.framework */; };
		8B600FAD24091C060037ADA0 /* sign_update in Resources */ = {isa = PBXBuildFile; fileRef = 8B600F9E24091A400037ADA0 /* sign_update */; };
		8B600FAE24091C060037ADA0 /* test_app_only_dsa_priv_dont_ever_do_this_for_real.pem in Resources */ = {isa = PBXBuildFile; fileRef = 8B34FE2D24084E230070C5BF /* test_app_only_dsa_priv_dont_ever_do_this_for_real.pem */; };
		8B600FB024091C060037ADA0 /* Sparkle.framework in CopyFiles */ = {isa = PBXBuildFile; fileRef = 8BBFAA942403F8E80091157A /* Sparkle.framework */; settings = {ATTRIBUTES = (CodeSignOnCopy, RemoveHeadersOnCopy, ); }; };
		8B600FBD24091CA90037ADA0 /* TestServer.bundle in Resources */ = {isa = PBXBuildFile; fileRef = 8B600FB424091C060037ADA0 /* TestServer.bundle */; platformFilter = maccatalyst; };
		8B600FBF24091E630037ADA0 /* BridgingDriver.swift in Sources */ = {isa = PBXBuildFile; fileRef = 8B34FE0424083EE60070C5BF /* BridgingDriver.swift */; };
		8B600FC024091E6A0037ADA0 /* Plugin.swift in Sources */ = {isa = PBXBuildFile; fileRef = 8B34FE0524083EE60070C5BF /* Plugin.swift */; };
		8B600FC224091F680037ADA0 /* test_app_only_dsa_pub.pem in Resources */ = {isa = PBXBuildFile; fileRef = 8B600FC124091F680037ADA0 /* test_app_only_dsa_pub.pem */; platformFilter = maccatalyst; };
		8B600FC624092FF50037ADA0 /* appcast.xml in Resources */ = {isa = PBXBuildFile; fileRef = 8B600FC524092FF50037ADA0 /* appcast.xml */; };
		8BBFAA952403F8E80091157A /* Sparkle.framework in Frameworks */ = {isa = PBXBuildFile; fileRef = 8BBFAA942403F8E80091157A /* Sparkle.framework */; };
		8BBFAA962403F8F40091157A /* Sparkle.framework in CopyFiles */ = {isa = PBXBuildFile; fileRef = 8BBFAA942403F8E80091157A /* Sparkle.framework */; settings = {ATTRIBUTES = (CodeSignOnCopy, RemoveHeadersOnCopy, ); }; };
/* End PBXBuildFile section */

/* Begin PBXContainerItemProxy section */
		8B34FE0024083B800070C5BF /* PBXContainerItemProxy */ = {
			isa = PBXContainerItemProxy;
			containerPortal = 8B3E649B23EAE62D00B28168 /* Project object */;
			proxyType = 1;
			remoteGlobalIDString = 8B5E7E8223F6BB3500087E15;
			remoteInfo = SparkleBridge;
		};
		8B600FBB24091C9E0037ADA0 /* PBXContainerItemProxy */ = {
			isa = PBXContainerItemProxy;
			containerPortal = 8B3E649B23EAE62D00B28168 /* Project object */;
			proxyType = 1;
			remoteGlobalIDString = 8B600FA324091C060037ADA0;
			remoteInfo = TestServer;
		};
/* End PBXContainerItemProxy section */

/* Begin PBXCopyFilesBuildPhase section */
		8B600FAF24091C060037ADA0 /* CopyFiles */ = {
			isa = PBXCopyFilesBuildPhase;
			buildActionMask = 2147483647;
			dstPath = "";
			dstSubfolderSpec = 10;
			files = (
				8B600FB024091C060037ADA0 /* Sparkle.framework in CopyFiles */,
			);
			runOnlyForDeploymentPostprocessing = 0;
		};
		8BBFAA982404013B0091157A /* CopyFiles */ = {
			isa = PBXCopyFilesBuildPhase;
			buildActionMask = 2147483647;
			dstPath = "";
			dstSubfolderSpec = 10;
			files = (
				8BBFAA962403F8F40091157A /* Sparkle.framework in CopyFiles */,
			);
			runOnlyForDeploymentPostprocessing = 0;
		};
/* End PBXCopyFilesBuildPhase section */

/* Begin PBXFileReference section */
		8B34FDEC24083B710070C5BF /* CatalystSparkle.app */ = {isa = PBXFileReference; explicitFileType = wrapper.application; includeInIndex = 0; path = CatalystSparkle.app; sourceTree = BUILT_PRODUCTS_DIR; };
		8B34FDEE24083B710070C5BF /* AppDelegate.swift */ = {isa = PBXFileReference; lastKnownFileType = sourcecode.swift; path = AppDelegate.swift; sourceTree = "<group>"; };
		8B34FDF024083B710070C5BF /* SceneDelegate.swift */ = {isa = PBXFileReference; lastKnownFileType = sourcecode.swift; path = SceneDelegate.swift; sourceTree = "<group>"; };
		8B34FDF224083B710070C5BF /* ContentView.swift */ = {isa = PBXFileReference; lastKnownFileType = sourcecode.swift; path = ContentView.swift; sourceTree = "<group>"; };
		8B34FDF424083B720070C5BF /* Assets.xcassets */ = {isa = PBXFileReference; lastKnownFileType = folder.assetcatalog; path = Assets.xcassets; sourceTree = "<group>"; };
		8B34FDF724083B720070C5BF /* Preview Assets.xcassets */ = {isa = PBXFileReference; lastKnownFileType = folder.assetcatalog; path = "Preview Assets.xcassets"; sourceTree = "<group>"; };
		8B34FDFA24083B720070C5BF /* Base */ = {isa = PBXFileReference; lastKnownFileType = file.storyboard; name = Base; path = Base.lproj/LaunchScreen.storyboard; sourceTree = "<group>"; };
		8B34FDFC24083B720070C5BF /* Info.plist */ = {isa = PBXFileReference; lastKnownFileType = text.plist.xml; path = Info.plist; sourceTree = "<group>"; };
		8B34FE0324083EE60070C5BF /* SparkleBridge.h */ = {isa = PBXFileReference; fileEncoding = 4; lastKnownFileType = sourcecode.c.h; path = SparkleBridge.h; sourceTree = "<group>"; };
		8B34FE0424083EE60070C5BF /* BridgingDriver.swift */ = {isa = PBXFileReference; fileEncoding = 4; lastKnownFileType = sourcecode.swift; path = BridgingDriver.swift; sourceTree = "<group>"; };
		8B34FE0524083EE60070C5BF /* Plugin.swift */ = {isa = PBXFileReference; fileEncoding = 4; lastKnownFileType = sourcecode.swift; path = Plugin.swift; sourceTree = "<group>"; };
		8B34FE08240842320070C5BF /* CatalystSparkle.entitlements */ = {isa = PBXFileReference; lastKnownFileType = text.plist.entitlements; path = CatalystSparkle.entitlements; sourceTree = "<group>"; };
		8B34FE09240843000070C5BF /* BridgingHeader.h */ = {isa = PBXFileReference; lastKnownFileType = sourcecode.c.h; path = BridgingHeader.h; sourceTree = "<group>"; };
		8B34FE0A240843C20070C5BF /* SparkleDriver.swift */ = {isa = PBXFileReference; fileEncoding = 4; lastKnownFileType = sourcecode.swift; name = SparkleDriver.swift; path = Application/SparkleDriver.swift; sourceTree = SOURCE_ROOT; };
		8B34FE0D240843EA0070C5BF /* CatalystSparkleDriver.swift */ = {isa = PBXFileReference; fileEncoding = 4; lastKnownFileType = sourcecode.swift; path = CatalystSparkleDriver.swift; sourceTree = "<group>"; };
		8B34FE2424084ADB0070C5BF /* TestServer.h */ = {isa = PBXFileReference; lastKnownFileType = sourcecode.c.h; path = TestServer.h; sourceTree = "<group>"; };
		8B34FE2524084BB50070C5BF /* TestServer.m */ = {isa = PBXFileReference; fileEncoding = 4; lastKnownFileType = sourcecode.c.objc; path = TestServer.m; sourceTree = "<group>"; };
		8B34FE2924084E170070C5BF /* SUTestWebServer.h */ = {isa = PBXFileReference; lastKnownFileType = sourcecode.c.h; path = SUTestWebServer.h; sourceTree = "<group>"; };
		8B34FE2A24084E170070C5BF /* SUTestWebServer.m */ = {isa = PBXFileReference; lastKnownFileType = sourcecode.c.objc; path = SUTestWebServer.m; sourceTree = "<group>"; };
		8B34FE2D24084E230070C5BF /* test_app_only_dsa_priv_dont_ever_do_this_for_real.pem */ = {isa = PBXFileReference; lastKnownFileType = text; path = test_app_only_dsa_priv_dont_ever_do_this_for_real.pem; sourceTree = "<group>"; };
		8B3F0ABB24095BC600E0F779 /* README.md */ = {isa = PBXFileReference; lastKnownFileType = net.daringfireball.markdown; path = README.md; sourceTree = "<group>"; wrapsLines = 1; };
		8B3F0ABC240971F800E0F779 /* SUAdHocCodeSigning.m */ = {isa = PBXFileReference; fileEncoding = 4; lastKnownFileType = sourcecode.c.objc; path = SUAdHocCodeSigning.m; sourceTree = "<group>"; };
		8B3F0ABD240971F800E0F779 /* SUAdHocCodeSigning.h */ = {isa = PBXFileReference; fileEncoding = 4; lastKnownFileType = sourcecode.c.h; path = SUAdHocCodeSigning.h; sourceTree = "<group>"; };
		8B5E7E8323F6BB3500087E15 /* SparkleBridge.bundle */ = {isa = PBXFileReference; explicitFileType = wrapper.cfbundle; includeInIndex = 0; path = SparkleBridge.bundle; sourceTree = BUILT_PRODUCTS_DIR; };
		8B5E7E8523F6BB3500087E15 /* Info.plist */ = {isa = PBXFileReference; lastKnownFileType = text.plist.xml; path = Info.plist; sourceTree = "<group>"; };
		8B5E7E9223F6C0B600087E15 /* BridgingHeader.h */ = {isa = PBXFileReference; lastKnownFileType = sourcecode.c.h; path = BridgingHeader.h; sourceTree = "<group>"; };
		8B600F9E24091A400037ADA0 /* sign_update */ = {isa = PBXFileReference; fileEncoding = 4; lastKnownFileType = text.script.sh; name = sign_update; path = TestServer/sign_update; sourceTree = SOURCE_ROOT; };
		8B600FB424091C060037ADA0 /* TestServer.bundle */ = {isa = PBXFileReference; explicitFileType = wrapper.cfbundle; includeInIndex = 0; path = TestServer.bundle; sourceTree = BUILT_PRODUCTS_DIR; };
		8B600FB624091C320037ADA0 /* Info.plist */ = {isa = PBXFileReference; lastKnownFileType = text.plist.xml; path = Info.plist; sourceTree = "<group>"; };
		8B600FB724091C4A0037ADA0 /* BridgingHeader.h */ = {isa = PBXFileReference; lastKnownFileType = sourcecode.c.h; path = BridgingHeader.h; sourceTree = "<group>"; };
		8B600FC124091F680037ADA0 /* test_app_only_dsa_pub.pem */ = {isa = PBXFileReference; fileEncoding = 4; lastKnownFileType = text; path = test_app_only_dsa_pub.pem; sourceTree = "<group>"; };
		8B600FC524092FF50037ADA0 /* appcast.xml */ = {isa = PBXFileReference; fileEncoding = 4; lastKnownFileType = text.xml; path = appcast.xml; sourceTree = "<group>"; };
		8BBFAA942403F8E80091157A /* Sparkle.framework */ = {isa = PBXFileReference; explicitFileType = wrapper.framework; path = Sparkle.framework; sourceTree = BUILT_PRODUCTS_DIR; };
/* End PBXFileReference section */

/* Begin PBXFrameworksBuildPhase section */
		8B34FDE924083B710070C5BF /* Frameworks */ = {
			isa = PBXFrameworksBuildPhase;
			buildActionMask = 2147483647;
			files = (
			);
			runOnlyForDeploymentPostprocessing = 0;
		};
		8B5E7E8023F6BB3500087E15 /* Frameworks */ = {
			isa = PBXFrameworksBuildPhase;
			buildActionMask = 2147483647;
			files = (
				8BBFAA952403F8E80091157A /* Sparkle.framework in Frameworks */,
			);
			runOnlyForDeploymentPostprocessing = 0;
		};
		8B600FA924091C060037ADA0 /* Frameworks */ = {
			isa = PBXFrameworksBuildPhase;
			buildActionMask = 2147483647;
			files = (
				8B600FAA24091C060037ADA0 /* Sparkle.framework in Frameworks */,
			);
			runOnlyForDeploymentPostprocessing = 0;
		};
/* End PBXFrameworksBuildPhase section */

/* Begin PBXGroup section */
		8B34FDED24083B710070C5BF /* Application */ = {
			isa = PBXGroup;
			children = (
				8B34FE08240842320070C5BF /* CatalystSparkle.entitlements */,
				8B34FE0D240843EA0070C5BF /* CatalystSparkleDriver.swift */,
				8B34FDEE24083B710070C5BF /* AppDelegate.swift */,
				8B34FDF024083B710070C5BF /* SceneDelegate.swift */,
				8B34FDF224083B710070C5BF /* ContentView.swift */,
				8B34FE0A240843C20070C5BF /* SparkleDriver.swift */,
				8B34FE09240843000070C5BF /* BridgingHeader.h */,
				8B34FDF424083B720070C5BF /* Assets.xcassets */,
				8B34FDF924083B720070C5BF /* LaunchScreen.storyboard */,
				8B34FDFC24083B720070C5BF /* Info.plist */,
				8B600FC124091F680037ADA0 /* test_app_only_dsa_pub.pem */,
				8B34FDF624083B720070C5BF /* Preview Content */,
			);
			path = Application;
			sourceTree = "<group>";
		};
		8B34FDF624083B720070C5BF /* Preview Content */ = {
			isa = PBXGroup;
			children = (
				8B34FDF724083B720070C5BF /* Preview Assets.xcassets */,
			);
			path = "Preview Content";
			sourceTree = "<group>";
		};
		8B34FE2824084E070070C5BF /* TestServer */ = {
			isa = PBXGroup;
			children = (
				8B34FE2424084ADB0070C5BF /* TestServer.h */,
				8B34FE2524084BB50070C5BF /* TestServer.m */,
				8B600FB724091C4A0037ADA0 /* BridgingHeader.h */,
				8B34FE2924084E170070C5BF /* SUTestWebServer.h */,
				8B34FE2A24084E170070C5BF /* SUTestWebServer.m */,
				8B3F0ABD240971F800E0F779 /* SUAdHocCodeSigning.h */,
				8B3F0ABC240971F800E0F779 /* SUAdHocCodeSigning.m */,
				8B34FE2D24084E230070C5BF /* test_app_only_dsa_priv_dont_ever_do_this_for_real.pem */,
				8B600FB624091C320037ADA0 /* Info.plist */,
				8B600F9E24091A400037ADA0 /* sign_update */,
				8B600FC524092FF50037ADA0 /* appcast.xml */,
			);
			path = TestServer;
			sourceTree = "<group>";
		};
		8B3E649A23EAE62D00B28168 = {
			isa = PBXGroup;
			children = (
				8B3F0ABB24095BC600E0F779 /* README.md */,
				8B34FDED24083B710070C5BF /* Application */,
				8B5E7E8423F6BB3500087E15 /* SparkleBridge */,
				8B34FE2824084E070070C5BF /* TestServer */,
				8B3E64A423EAE62D00B28168 /* Products */,
				8B5E7E7823F6BA8400087E15 /* Frameworks */,
			);
			sourceTree = "<group>";
		};
		8B3E64A423EAE62D00B28168 /* Products */ = {
			isa = PBXGroup;
			children = (
				8B5E7E8323F6BB3500087E15 /* SparkleBridge.bundle */,
				8B34FDEC24083B710070C5BF /* CatalystSparkle.app */,
				8B600FB424091C060037ADA0 /* TestServer.bundle */,
			);
			name = Products;
			sourceTree = "<group>";
		};
		8B5E7E7823F6BA8400087E15 /* Frameworks */ = {
			isa = PBXGroup;
			children = (
				8BBFAA942403F8E80091157A /* Sparkle.framework */,
			);
			name = Frameworks;
			sourceTree = "<group>";
		};
		8B5E7E8423F6BB3500087E15 /* SparkleBridge */ = {
			isa = PBXGroup;
			children = (
				8B34FE0424083EE60070C5BF /* BridgingDriver.swift */,
				8B34FE0324083EE60070C5BF /* SparkleBridge.h */,
				8B34FE0524083EE60070C5BF /* Plugin.swift */,
				8B5E7E9223F6C0B600087E15 /* BridgingHeader.h */,
				8B5E7E8523F6BB3500087E15 /* Info.plist */,
			);
			path = SparkleBridge;
			sourceTree = "<group>";
		};
/* End PBXGroup section */

/* Begin PBXNativeTarget section */
		8B34FDEB24083B710070C5BF /* CatalystSparkle */ = {
			isa = PBXNativeTarget;
			buildConfigurationList = 8B34FDFD24083B720070C5BF /* Build configuration list for PBXNativeTarget "CatalystSparkle" */;
			buildPhases = (
				8B34FDE824083B710070C5BF /* Sources */,
				8B34FDE924083B710070C5BF /* Frameworks */,
				8B34FDEA24083B710070C5BF /* Resources */,
				8B600FC4240920DD0037ADA0 /* Copy XPCs and Re-sign All The Things */,
			);
			buildRules = (
			);
			dependencies = (
				8B600FBC24091C9E0037ADA0 /* PBXTargetDependency */,
				8B34FE0124083B800070C5BF /* PBXTargetDependency */,
			);
			name = CatalystSparkle;
			productName = CatalystSparkle;
			productReference = 8B34FDEC24083B710070C5BF /* CatalystSparkle.app */;
			productType = "com.apple.product-type.application";
		};
		8B5E7E8223F6BB3500087E15 /* SparkleBridge */ = {
			isa = PBXNativeTarget;
			buildConfigurationList = 8B5E7E8623F6BB3500087E15 /* Build configuration list for PBXNativeTarget "SparkleBridge" */;
			buildPhases = (
				8B5E7E7F23F6BB3500087E15 /* Sources */,
				8B5E7E8023F6BB3500087E15 /* Frameworks */,
				8B5E7E8123F6BB3500087E15 /* Resources */,
				8BBFAA982404013B0091157A /* CopyFiles */,
			);
			buildRules = (
			);
			dependencies = (
			);
			name = SparkleBridge;
			packageProductDependencies = (
			);
			productName = AppKitBridge;
			productReference = 8B5E7E8323F6BB3500087E15 /* SparkleBridge.bundle */;
			productType = "com.apple.product-type.bundle";
		};
		8B600FA324091C060037ADA0 /* TestServer */ = {
			isa = PBXNativeTarget;
			buildConfigurationList = 8B600FB124091C060037ADA0 /* Build configuration list for PBXNativeTarget "TestServer" */;
			buildPhases = (
				8B600FA424091C060037ADA0 /* Sources */,
				8B600FA924091C060037ADA0 /* Frameworks */,
				8B600FAB24091C060037ADA0 /* Resources */,
				8B600FAF24091C060037ADA0 /* CopyFiles */,
			);
			buildRules = (
			);
			dependencies = (
			);
			name = TestServer;
			packageProductDependencies = (
			);
			productName = AppKitBridge;
			productReference = 8B600FB424091C060037ADA0 /* TestServer.bundle */;
			productType = "com.apple.product-type.bundle";
		};
/* End PBXNativeTarget section */

/* Begin PBXProject section */
		8B3E649B23EAE62D00B28168 /* Project object */ = {
			isa = PBXProject;
			attributes = {
				LastSwiftUpdateCheck = 1140;
				LastUpgradeCheck = 1140;
				ORGANIZATIONNAME = "Elegant Chaos";
				TargetAttributes = {
					8B34FDEB24083B710070C5BF = {
						CreatedOnToolsVersion = 11.4;
					};
					8B5E7E8223F6BB3500087E15 = {
						CreatedOnToolsVersion = 11.4;
						LastSwiftMigration = 1140;
					};
				};
			};
			buildConfigurationList = 8B3E649E23EAE62D00B28168 /* Build configuration list for PBXProject "CatalystSparkle" */;
			compatibilityVersion = "Xcode 9.3";
			developmentRegion = en;
			hasScannedForEncodings = 0;
			knownRegions = (
				en,
				Base,
			);
			mainGroup = 8B3E649A23EAE62D00B28168;
			packageReferences = (
			);
			productRefGroup = 8B3E64A423EAE62D00B28168 /* Products */;
			projectDirPath = "";
			projectRoot = "";
			targets = (
				8B34FDEB24083B710070C5BF /* CatalystSparkle */,
				8B5E7E8223F6BB3500087E15 /* SparkleBridge */,
				8B600FA324091C060037ADA0 /* TestServer */,
			);
		};
/* End PBXProject section */

/* Begin PBXResourcesBuildPhase section */
		8B34FDEA24083B710070C5BF /* Resources */ = {
			isa = PBXResourcesBuildPhase;
			buildActionMask = 2147483647;
			files = (
				8B600FC224091F680037ADA0 /* test_app_only_dsa_pub.pem in Resources */,
				8B600FBD24091CA90037ADA0 /* TestServer.bundle in Resources */,
				8B34FE0F2408464E0070C5BF /* SparkleBridge.bundle in Resources */,
				8B34FDFB24083B720070C5BF /* LaunchScreen.storyboard in Resources */,
				8B34FDF824083B720070C5BF /* Preview Assets.xcassets in Resources */,
				8B34FDF524083B720070C5BF /* Assets.xcassets in Resources */,
			);
			runOnlyForDeploymentPostprocessing = 0;
		};
		8B5E7E8123F6BB3500087E15 /* Resources */ = {
			isa = PBXResourcesBuildPhase;
			buildActionMask = 2147483647;
			files = (
			);
			runOnlyForDeploymentPostprocessing = 0;
		};
		8B600FAB24091C060037ADA0 /* Resources */ = {
			isa = PBXResourcesBuildPhase;
			buildActionMask = 2147483647;
			files = (
				8B600FAD24091C060037ADA0 /* sign_update in Resources */,
				8B600FAE24091C060037ADA0 /* test_app_only_dsa_priv_dont_ever_do_this_for_real.pem in Resources */,
				8B600FC624092FF50037ADA0 /* appcast.xml in Resources */,
			);
			runOnlyForDeploymentPostprocessing = 0;
		};
/* End PBXResourcesBuildPhase section */

/* Begin PBXShellScriptBuildPhase section */
		8B600FC4240920DD0037ADA0 /* Copy XPCs and Re-sign All The Things */ = {
			isa = PBXShellScriptBuildPhase;
			buildActionMask = 2147483647;
			files = (
			);
			inputFileListPaths = (
			);
			inputPaths = (
			);
			name = "Copy XPCs and Re-sign All The Things";
			outputFileListPaths = (
			);
			outputPaths = (
			);
			runOnlyForDeploymentPostprocessing = 0;
			shellPath = /bin/sh;
			shellScript = "# -=-=-=-=-=-=-=-=-=-=-=-=-=-=-=-=-=-=-=-=-=-=-=-=-=-=-=-=-=-=-=-=-=-=-\n#  Created by Sam Deane on 28/02/20.\n#  All code (c) 2020 - present day, Elegant Chaos Limited.\n# -=-=-=-=-=-=-=-=-=-=-=-=-=-=-=-=-=-=-=-=-=-=-=-=-=-=-=-=-=-=-=-=-=-=-\n\nset -e\n\nif [[ \"$PLATFORM_NAME\" != \"macosx\" ]]\nthen\n  exit 0\nfi\n\necho \"Copying XPCs\"\n\nMAC_PRODUCTS_DIR=${BUILT_PRODUCTS_DIR}/../${CONFIGURATION}\nBUILT_XPCSERVICES_DIR=${BUILT_PRODUCTS_DIR}/${CONTENTS_FOLDER_PATH}/XPCServices\nBUILT_RESOURCES_DIR=${BUILT_PRODUCTS_DIR}/${CONTENTS_FOLDER_PATH}/Resources\n\nXPCS=(org.sparkle-project.InstallerStatus.xpc org.sparkle-project.InstallerLauncher.xpc org.sparkle-project.InstallerConnection.xpc)\nfor name in ${XPCS[@]}\ndo\n    echo \"Copying $name\"\n    ditto \"$MAC_PRODUCTS_DIR/$name\" \"$BUILT_XPCSERVICES_DIR/$name\"\ndone\n";
		};
/* End PBXShellScriptBuildPhase section */

/* Begin PBXSourcesBuildPhase section */
		8B34FDE824083B710070C5BF /* Sources */ = {
			isa = PBXSourcesBuildPhase;
			buildActionMask = 2147483647;
			files = (
				8B34FE0B240843C20070C5BF /* SparkleDriver.swift in Sources */,
				8B34FDEF24083B710070C5BF /* AppDelegate.swift in Sources */,
				8B34FDF124083B710070C5BF /* SceneDelegate.swift in Sources */,
				8B34FE0E240843EA0070C5BF /* CatalystSparkleDriver.swift in Sources */,
				8B34FDF324083B710070C5BF /* ContentView.swift in Sources */,
			);
			runOnlyForDeploymentPostprocessing = 0;
		};
		8B5E7E7F23F6BB3500087E15 /* Sources */ = {
			isa = PBXSourcesBuildPhase;
			buildActionMask = 2147483647;
			files = (
				8B600FBF24091E630037ADA0 /* BridgingDriver.swift in Sources */,
				8B600FC024091E6A0037ADA0 /* Plugin.swift in Sources */,
			);
			runOnlyForDeploymentPostprocessing = 0;
		};
		8B600FA424091C060037ADA0 /* Sources */ = {
			isa = PBXSourcesBuildPhase;
			buildActionMask = 2147483647;
			files = (
				8B600FA624091C060037ADA0 /* SUTestWebServer.m in Sources */,
				8B3F0ABE240971F800E0F779 /* SUAdHocCodeSigning.m in Sources */,
				8B600FA724091C060037ADA0 /* TestServer.m in Sources */,
			);
			runOnlyForDeploymentPostprocessing = 0;
		};
/* End PBXSourcesBuildPhase section */

/* Begin PBXTargetDependency section */
		8B34FE0124083B800070C5BF /* PBXTargetDependency */ = {
			isa = PBXTargetDependency;
			platformFilter = maccatalyst;
			target = 8B5E7E8223F6BB3500087E15 /* SparkleBridge */;
			targetProxy = 8B34FE0024083B800070C5BF /* PBXContainerItemProxy */;
		};
		8B600FBC24091C9E0037ADA0 /* PBXTargetDependency */ = {
			isa = PBXTargetDependency;
			platformFilter = maccatalyst;
			target = 8B600FA324091C060037ADA0 /* TestServer */;
			targetProxy = 8B600FBB24091C9E0037ADA0 /* PBXContainerItemProxy */;
		};
/* End PBXTargetDependency section */

/* Begin PBXVariantGroup section */
		8B34FDF924083B720070C5BF /* LaunchScreen.storyboard */ = {
			isa = PBXVariantGroup;
			children = (
				8B34FDFA24083B720070C5BF /* Base */,
			);
			name = LaunchScreen.storyboard;
			sourceTree = "<group>";
		};
/* End PBXVariantGroup section */

/* Begin XCBuildConfiguration section */
		8B34FDFE24083B720070C5BF /* Debug */ = {
			isa = XCBuildConfiguration;
			buildSettings = {
				ASSETCATALOG_COMPILER_APPICON_NAME = AppIcon;
				CODE_SIGN_ENTITLEMENTS = Application/CatalystSparkle.entitlements;
				CODE_SIGN_STYLE = Automatic;
				DEVELOPMENT_ASSET_PATHS = "\"Application/Preview Content\"";
				DEVELOPMENT_TEAM = 2H48644JM2;
				ENABLE_PREVIEWS = YES;
				INFOPLIST_FILE = Application/Info.plist;
				IPHONEOS_DEPLOYMENT_TARGET = 13.2;
				LD_RUNPATH_SEARCH_PATHS = (
					"$(inherited)",
					"@executable_path/Frameworks",
				);
				PRODUCT_BUNDLE_IDENTIFIER = com.elegantchaos.CatalystSparkle;
				PRODUCT_NAME = "$(TARGET_NAME)";
				PROVISIONING_PROFILE_SPECIFIER = "";
				"PROVISIONING_PROFILE_SPECIFIER[sdk=macosx*]" = "";
				SUPPORTS_MACCATALYST = YES;
				SWIFT_OBJC_BRIDGING_HEADER = Application/BridgingHeader.h;
				SWIFT_VERSION = 5.0;
				TARGETED_DEVICE_FAMILY = 2;
			};
			name = Debug;
		};
		8B34FDFF24083B720070C5BF /* Release */ = {
			isa = XCBuildConfiguration;
			buildSettings = {
				ASSETCATALOG_COMPILER_APPICON_NAME = AppIcon;
				CODE_SIGN_ENTITLEMENTS = Application/CatalystSparkle.entitlements;
				CODE_SIGN_STYLE = Automatic;
				DEVELOPMENT_ASSET_PATHS = "\"Application/Preview Content\"";
				DEVELOPMENT_TEAM = 2H48644JM2;
				ENABLE_PREVIEWS = YES;
				INFOPLIST_FILE = Application/Info.plist;
				IPHONEOS_DEPLOYMENT_TARGET = 13.2;
				LD_RUNPATH_SEARCH_PATHS = (
					"$(inherited)",
					"@executable_path/Frameworks",
				);
				PRODUCT_BUNDLE_IDENTIFIER = com.elegantchaos.CatalystSparkle;
				PRODUCT_NAME = "$(TARGET_NAME)";
				PROVISIONING_PROFILE_SPECIFIER = "";
				"PROVISIONING_PROFILE_SPECIFIER[sdk=macosx*]" = "";
				SUPPORTS_MACCATALYST = YES;
				SWIFT_OBJC_BRIDGING_HEADER = Application/BridgingHeader.h;
				SWIFT_VERSION = 5.0;
				TARGETED_DEVICE_FAMILY = 2;
			};
			name = Release;
		};
		8B3E64CB23EAE62F00B28168 /* Debug */ = {
			isa = XCBuildConfiguration;
			buildSettings = {
				ALWAYS_SEARCH_USER_PATHS = NO;
				CLANG_ANALYZER_NONNULL = YES;
				CLANG_ANALYZER_NUMBER_OBJECT_CONVERSION = YES_AGGRESSIVE;
				CLANG_CXX_LANGUAGE_STANDARD = "gnu++14";
				CLANG_CXX_LIBRARY = "libc++";
				CLANG_ENABLE_MODULES = YES;
				CLANG_ENABLE_OBJC_ARC = YES;
				CLANG_ENABLE_OBJC_WEAK = YES;
				CLANG_WARN_BLOCK_CAPTURE_AUTORELEASING = YES;
				CLANG_WARN_BOOL_CONVERSION = YES;
				CLANG_WARN_COMMA = YES;
				CLANG_WARN_CONSTANT_CONVERSION = YES;
				CLANG_WARN_DEPRECATED_OBJC_IMPLEMENTATIONS = YES;
				CLANG_WARN_DIRECT_OBJC_ISA_USAGE = YES_ERROR;
				CLANG_WARN_DOCUMENTATION_COMMENTS = YES;
				CLANG_WARN_EMPTY_BODY = YES;
				CLANG_WARN_ENUM_CONVERSION = YES;
				CLANG_WARN_INFINITE_RECURSION = YES;
				CLANG_WARN_INT_CONVERSION = YES;
				CLANG_WARN_NON_LITERAL_NULL_CONVERSION = YES;
				CLANG_WARN_OBJC_IMPLICIT_RETAIN_SELF = YES;
				CLANG_WARN_OBJC_LITERAL_CONVERSION = YES;
				CLANG_WARN_OBJC_ROOT_CLASS = YES_ERROR;
				CLANG_WARN_RANGE_LOOP_ANALYSIS = YES;
				CLANG_WARN_STRICT_PROTOTYPES = YES;
				CLANG_WARN_SUSPICIOUS_MOVE = YES;
				CLANG_WARN_UNGUARDED_AVAILABILITY = YES_AGGRESSIVE;
				CLANG_WARN_UNREACHABLE_CODE = YES;
				CLANG_WARN__DUPLICATE_METHOD_MATCH = YES;
				COPY_PHASE_STRIP = NO;
				DEBUG_INFORMATION_FORMAT = dwarf;
				ENABLE_STRICT_OBJC_MSGSEND = YES;
				ENABLE_TESTABILITY = YES;
				GCC_C_LANGUAGE_STANDARD = gnu11;
				GCC_DYNAMIC_NO_PIC = NO;
				GCC_NO_COMMON_BLOCKS = YES;
				GCC_OPTIMIZATION_LEVEL = 0;
				GCC_PREPROCESSOR_DEFINITIONS = (
					"DEBUG=1",
					"$(inherited)",
				);
				GCC_WARN_64_TO_32_BIT_CONVERSION = YES;
				GCC_WARN_ABOUT_RETURN_TYPE = YES_ERROR;
				GCC_WARN_UNDECLARED_SELECTOR = YES;
				GCC_WARN_UNINITIALIZED_AUTOS = YES_AGGRESSIVE;
				GCC_WARN_UNUSED_FUNCTION = YES;
				GCC_WARN_UNUSED_VARIABLE = YES;
				IPHONEOS_DEPLOYMENT_TARGET = 13.2;
				MTL_ENABLE_DEBUG_INFO = INCLUDE_SOURCE;
				MTL_FAST_MATH = YES;
				ONLY_ACTIVE_ARCH = YES;
				SDKROOT = iphoneos;
				SWIFT_ACTIVE_COMPILATION_CONDITIONS = DEBUG;
				SWIFT_OPTIMIZATION_LEVEL = "-Onone";
			};
			name = Debug;
		};
		8B3E64CC23EAE62F00B28168 /* Release */ = {
			isa = XCBuildConfiguration;
			buildSettings = {
				ALWAYS_SEARCH_USER_PATHS = NO;
				CLANG_ANALYZER_NONNULL = YES;
				CLANG_ANALYZER_NUMBER_OBJECT_CONVERSION = YES_AGGRESSIVE;
				CLANG_CXX_LANGUAGE_STANDARD = "gnu++14";
				CLANG_CXX_LIBRARY = "libc++";
				CLANG_ENABLE_MODULES = YES;
				CLANG_ENABLE_OBJC_ARC = YES;
				CLANG_ENABLE_OBJC_WEAK = YES;
				CLANG_WARN_BLOCK_CAPTURE_AUTORELEASING = YES;
				CLANG_WARN_BOOL_CONVERSION = YES;
				CLANG_WARN_COMMA = YES;
				CLANG_WARN_CONSTANT_CONVERSION = YES;
				CLANG_WARN_DEPRECATED_OBJC_IMPLEMENTATIONS = YES;
				CLANG_WARN_DIRECT_OBJC_ISA_USAGE = YES_ERROR;
				CLANG_WARN_DOCUMENTATION_COMMENTS = YES;
				CLANG_WARN_EMPTY_BODY = YES;
				CLANG_WARN_ENUM_CONVERSION = YES;
				CLANG_WARN_INFINITE_RECURSION = YES;
				CLANG_WARN_INT_CONVERSION = YES;
				CLANG_WARN_NON_LITERAL_NULL_CONVERSION = YES;
				CLANG_WARN_OBJC_IMPLICIT_RETAIN_SELF = YES;
				CLANG_WARN_OBJC_LITERAL_CONVERSION = YES;
				CLANG_WARN_OBJC_ROOT_CLASS = YES_ERROR;
				CLANG_WARN_RANGE_LOOP_ANALYSIS = YES;
				CLANG_WARN_STRICT_PROTOTYPES = YES;
				CLANG_WARN_SUSPICIOUS_MOVE = YES;
				CLANG_WARN_UNGUARDED_AVAILABILITY = YES_AGGRESSIVE;
				CLANG_WARN_UNREACHABLE_CODE = YES;
				CLANG_WARN__DUPLICATE_METHOD_MATCH = YES;
				COPY_PHASE_STRIP = NO;
				DEBUG_INFORMATION_FORMAT = "dwarf-with-dsym";
				ENABLE_NS_ASSERTIONS = NO;
				ENABLE_STRICT_OBJC_MSGSEND = YES;
				GCC_C_LANGUAGE_STANDARD = gnu11;
				GCC_NO_COMMON_BLOCKS = YES;
				GCC_WARN_64_TO_32_BIT_CONVERSION = YES;
				GCC_WARN_ABOUT_RETURN_TYPE = YES_ERROR;
				GCC_WARN_UNDECLARED_SELECTOR = YES;
				GCC_WARN_UNINITIALIZED_AUTOS = YES_AGGRESSIVE;
				GCC_WARN_UNUSED_FUNCTION = YES;
				GCC_WARN_UNUSED_VARIABLE = YES;
				IPHONEOS_DEPLOYMENT_TARGET = 13.2;
				MTL_ENABLE_DEBUG_INFO = NO;
				MTL_FAST_MATH = YES;
				SDKROOT = iphoneos;
				SWIFT_COMPILATION_MODE = wholemodule;
				SWIFT_OPTIMIZATION_LEVEL = "-O";
				VALIDATE_PRODUCT = YES;
			};
			name = Release;
		};
		8B5E7E8723F6BB3500087E15 /* Debug */ = {
			isa = XCBuildConfiguration;
			buildSettings = {
				CLANG_ENABLE_MODULES = YES;
				CODE_SIGN_IDENTITY = "-";
				CODE_SIGN_STYLE = Automatic;
				DEVELOPMENT_TEAM = 2H48644JM2;
				INFOPLIST_FILE = "$(SRCROOT)/SparkleBridge/Info.plist";
				LD_RUNPATH_SEARCH_PATHS = (
					"$(inherited)",
					"@executable_path/../Frameworks",
					"@loader_path/../Frameworks",
				);
				MACOSX_DEPLOYMENT_TARGET = 10.15;
				PRODUCT_BUNDLE_IDENTIFIER = com.elegantchaos.sparklebridge;
				PRODUCT_NAME = "$(TARGET_NAME)";
				PROVISIONING_PROFILE_SPECIFIER = "";
				SDKROOT = macosx;
				SWIFT_OBJC_BRIDGING_HEADER = SparkleBridge/BridgingHeader.h;
				SWIFT_OPTIMIZATION_LEVEL = "-Onone";
				SWIFT_VERSION = 5.0;
			};
			name = Debug;
		};
		8B5E7E8823F6BB3500087E15 /* Release */ = {
			isa = XCBuildConfiguration;
			buildSettings = {
				CLANG_ENABLE_MODULES = YES;
				CODE_SIGN_IDENTITY = "-";
				CODE_SIGN_STYLE = Automatic;
				DEVELOPMENT_TEAM = 2H48644JM2;
				INFOPLIST_FILE = "$(SRCROOT)/SparkleBridge/Info.plist";
				LD_RUNPATH_SEARCH_PATHS = (
					"$(inherited)",
					"@executable_path/../Frameworks",
					"@loader_path/../Frameworks",
				);
				MACOSX_DEPLOYMENT_TARGET = 10.15;
				PRODUCT_BUNDLE_IDENTIFIER = com.elegantchaos.sparklebridge;
				PRODUCT_NAME = "$(TARGET_NAME)";
				PROVISIONING_PROFILE_SPECIFIER = "";
				SDKROOT = macosx;
				SWIFT_OBJC_BRIDGING_HEADER = SparkleBridge/BridgingHeader.h;
				SWIFT_VERSION = 5.0;
			};
			name = Release;
		};
		8B600FB224091C060037ADA0 /* Debug */ = {
			isa = XCBuildConfiguration;
			buildSettings = {
				CLANG_ENABLE_MODULES = YES;
				CODE_SIGN_IDENTITY = "-";
				CODE_SIGN_STYLE = Automatic;
				DEVELOPMENT_TEAM = 2H48644JM2;
				INFOPLIST_FILE = TestServer/Info.plist;
				LD_RUNPATH_SEARCH_PATHS = (
					"$(inherited)",
					"@executable_path/../Frameworks",
					"@loader_path/../Frameworks",
				);
				MACOSX_DEPLOYMENT_TARGET = 10.15;
				PRODUCT_BUNDLE_IDENTIFIER = com.elegantchaos.testserver;
				PRODUCT_NAME = "$(TARGET_NAME)";
				PROVISIONING_PROFILE_SPECIFIER = "";
				SDKROOT = macosx;
				SWIFT_OBJC_BRIDGING_HEADER = TestServer/BridgingHeader.h;
				SWIFT_OPTIMIZATION_LEVEL = "-Onone";
				SWIFT_VERSION = 5.0;
			};
			name = Debug;
		};
		8B600FB324091C060037ADA0 /* Release */ = {
			isa = XCBuildConfiguration;
			buildSettings = {
				CLANG_ENABLE_MODULES = YES;
				CODE_SIGN_IDENTITY = "-";
				CODE_SIGN_STYLE = Automatic;
				DEVELOPMENT_TEAM = 2H48644JM2;
				INFOPLIST_FILE = TestServer/Info.plist;
				LD_RUNPATH_SEARCH_PATHS = (
					"$(inherited)",
					"@executable_path/../Frameworks",
					"@loader_path/../Frameworks",
				);
				MACOSX_DEPLOYMENT_TARGET = 10.15;
				PRODUCT_BUNDLE_IDENTIFIER = com.elegantchaos.testserver;
				PRODUCT_NAME = "$(TARGET_NAME)";
				PROVISIONING_PROFILE_SPECIFIER = "";
				SDKROOT = macosx;
				SWIFT_OBJC_BRIDGING_HEADER = TestServer/BridgingHeader.h;
				SWIFT_VERSION = 5.0;
			};
			name = Release;
		};
/* End XCBuildConfiguration section */

/* Begin XCConfigurationList section */
		8B34FDFD24083B720070C5BF /* Build configuration list for PBXNativeTarget "CatalystSparkle" */ = {
			isa = XCConfigurationList;
			buildConfigurations = (
				8B34FDFE24083B720070C5BF /* Debug */,
				8B34FDFF24083B720070C5BF /* Release */,
			);
			defaultConfigurationIsVisible = 0;
			defaultConfigurationName = Release;
		};
		8B3E649E23EAE62D00B28168 /* Build configuration list for PBXProject "CatalystSparkle" */ = {
			isa = XCConfigurationList;
			buildConfigurations = (
				8B3E64CB23EAE62F00B28168 /* Debug */,
				8B3E64CC23EAE62F00B28168 /* Release */,
			);
			defaultConfigurationIsVisible = 0;
			defaultConfigurationName = Release;
		};
		8B5E7E8623F6BB3500087E15 /* Build configuration list for PBXNativeTarget "SparkleBridge" */ = {
			isa = XCConfigurationList;
			buildConfigurations = (
				8B5E7E8723F6BB3500087E15 /* Debug */,
				8B5E7E8823F6BB3500087E15 /* Release */,
			);
			defaultConfigurationIsVisible = 0;
			defaultConfigurationName = Release;
		};
		8B600FB124091C060037ADA0 /* Build configuration list for PBXNativeTarget "TestServer" */ = {
			isa = XCConfigurationList;
			buildConfigurations = (
				8B600FB224091C060037ADA0 /* Debug */,
				8B600FB324091C060037ADA0 /* Release */,
			);
			defaultConfigurationIsVisible = 0;
			defaultConfigurationName = Release;
		};
/* End XCConfigurationList section */
	};
	rootObject = 8B3E649B23EAE62D00B28168 /* Project object */;
}
